
Microsoft Visual Studio Solution File, Format Version 12.00
# Visual Studio Version 17
VisualStudioVersion = 17.0.31903.59
MinimumVisualStudioVersion = 10.0.40219.1
Project("{2150E333-8FDC-42A3-9474-1A3956D46DE8}") = "src", "src", "{827E0CD3-B72D-47B6-A68D-7590B98EB39B}"
EndProject
Project("{FAE04EC0-301F-11D3-BF4B-00C04F79EFBC}") = "PrimeBenchmark.Api", "src\PrimeBenchmark.Api\PrimeBenchmark.Api.csproj", "{F295D434-1981-4B1F-9003-FAE644A603A9}"
EndProject
Project("{FAE04EC0-301F-11D3-BF4B-00C04F79EFBC}") = "PrimeBenchmark.Web", "src\PrimeBenchmark.Web\PrimeBenchmark.Web.csproj", "{2894D2F0-D333-4579-B0B2-DB6E99C37588}"
EndProject
Project("{FAE04EC0-301F-11D3-BF4B-00C04F79EFBC}") = "PrimeBenchmark.Shared", "src\PrimeBenchmark.Shared\PrimeBenchmark.Shared.csproj", "{5B1CC9DB-02D7-4F2D-A85E-38B6A0095478}"
EndProject
Project("{2150E333-8FDC-42A3-9474-1A3956D46DE8}") = "tests", "tests", "{0AB3BF05-4346-4AA6-1389-037BE0695223}"
EndProject
Project("{FAE04EC0-301F-11D3-BF4B-00C04F79EFBC}") = "PrimeBenchmark.Api.Tests", "tests\PrimeBenchmark.Api.Tests\PrimeBenchmark.Api.Tests.csproj", "{A93B3AC0-8FB2-4ACC-A0B1-79D38E59CB55}"
EndProject
Project("{FAE04EC0-301F-11D3-BF4B-00C04F79EFBC}") = "PrimeBenchmark.Integration.Tests", "tests\PrimeBenchmark.Integration.Tests\PrimeBenchmark.Integration.Tests.csproj", "{1D6924EC-D2DA-4427-B646-BBAB40962D3B}"
EndProject
Project("{FAE04EC0-301F-11D3-BF4B-00C04F79EFBC}") = "PrimeBenchmark.Web.Tests", "tests\PrimeBenchmark.Web.Tests\PrimeBenchmark.Web.Tests.csproj", "{B3484A06-57A8-4EC6-A07A-CDD441424E8C}"
EndProject
Global
	GlobalSection(SolutionConfigurationPlatforms) = preSolution
		Debug|Any CPU = Debug|Any CPU
		Debug|x64 = Debug|x64
		Debug|x86 = Debug|x86
		Release|Any CPU = Release|Any CPU
		Release|x64 = Release|x64
		Release|x86 = Release|x86
	EndGlobalSection
	GlobalSection(ProjectConfigurationPlatforms) = postSolution
		{F295D434-1981-4B1F-9003-FAE644A603A9}.Debug|Any CPU.ActiveCfg = Debug|Any CPU
		{F295D434-1981-4B1F-9003-FAE644A603A9}.Debug|Any CPU.Build.0 = Debug|Any CPU
		{F295D434-1981-4B1F-9003-FAE644A603A9}.Debug|x64.ActiveCfg = Debug|Any CPU
		{F295D434-1981-4B1F-9003-FAE644A603A9}.Debug|x64.Build.0 = Debug|Any CPU
		{F295D434-1981-4B1F-9003-FAE644A603A9}.Debug|x86.ActiveCfg = Debug|Any CPU
		{F295D434-1981-4B1F-9003-FAE644A603A9}.Debug|x86.Build.0 = Debug|Any CPU
		{F295D434-1981-4B1F-9003-FAE644A603A9}.Release|Any CPU.ActiveCfg = Release|Any CPU
		{F295D434-1981-4B1F-9003-FAE644A603A9}.Release|Any CPU.Build.0 = Release|Any CPU
		{F295D434-1981-4B1F-9003-FAE644A603A9}.Release|x64.ActiveCfg = Release|Any CPU
		{F295D434-1981-4B1F-9003-FAE644A603A9}.Release|x64.Build.0 = Release|Any CPU
		{F295D434-1981-4B1F-9003-FAE644A603A9}.Release|x86.ActiveCfg = Release|Any CPU
		{F295D434-1981-4B1F-9003-FAE644A603A9}.Release|x86.Build.0 = Release|Any CPU
		{2894D2F0-D333-4579-B0B2-DB6E99C37588}.Debug|Any CPU.ActiveCfg = Debug|Any CPU
		{2894D2F0-D333-4579-B0B2-DB6E99C37588}.Debug|Any CPU.Build.0 = Debug|Any CPU
		{2894D2F0-D333-4579-B0B2-DB6E99C37588}.Debug|x64.ActiveCfg = Debug|Any CPU
		{2894D2F0-D333-4579-B0B2-DB6E99C37588}.Debug|x64.Build.0 = Debug|Any CPU
		{2894D2F0-D333-4579-B0B2-DB6E99C37588}.Debug|x86.ActiveCfg = Debug|Any CPU
		{2894D2F0-D333-4579-B0B2-DB6E99C37588}.Debug|x86.Build.0 = Debug|Any CPU
		{2894D2F0-D333-4579-B0B2-DB6E99C37588}.Release|Any CPU.ActiveCfg = Release|Any CPU
		{2894D2F0-D333-4579-B0B2-DB6E99C37588}.Release|Any CPU.Build.0 = Release|Any CPU
		{2894D2F0-D333-4579-B0B2-DB6E99C37588}.Release|x64.ActiveCfg = Release|Any CPU
		{2894D2F0-D333-4579-B0B2-DB6E99C37588}.Release|x64.Build.0 = Release|Any CPU
		{2894D2F0-D333-4579-B0B2-DB6E99C37588}.Release|x86.ActiveCfg = Release|Any CPU
		{2894D2F0-D333-4579-B0B2-DB6E99C37588}.Release|x86.Build.0 = Release|Any CPU
		{5B1CC9DB-02D7-4F2D-A85E-38B6A0095478}.Debug|Any CPU.ActiveCfg = Debug|Any CPU
		{5B1CC9DB-02D7-4F2D-A85E-38B6A0095478}.Debug|Any CPU.Build.0 = Debug|Any CPU
		{5B1CC9DB-02D7-4F2D-A85E-38B6A0095478}.Debug|x64.ActiveCfg = Debug|Any CPU
		{5B1CC9DB-02D7-4F2D-A85E-38B6A0095478}.Debug|x64.Build.0 = Debug|Any CPU
		{5B1CC9DB-02D7-4F2D-A85E-38B6A0095478}.Debug|x86.ActiveCfg = Debug|Any CPU
		{5B1CC9DB-02D7-4F2D-A85E-38B6A0095478}.Debug|x86.Build.0 = Debug|Any CPU
		{5B1CC9DB-02D7-4F2D-A85E-38B6A0095478}.Release|Any CPU.ActiveCfg = Release|Any CPU
		{5B1CC9DB-02D7-4F2D-A85E-38B6A0095478}.Release|Any CPU.Build.0 = Release|Any CPU
		{5B1CC9DB-02D7-4F2D-A85E-38B6A0095478}.Release|x64.ActiveCfg = Release|Any CPU
		{5B1CC9DB-02D7-4F2D-A85E-38B6A0095478}.Release|x64.Build.0 = Release|Any CPU
		{5B1CC9DB-02D7-4F2D-A85E-38B6A0095478}.Release|x86.ActiveCfg = Release|Any CPU
		{5B1CC9DB-02D7-4F2D-A85E-38B6A0095478}.Release|x86.Build.0 = Release|Any CPU
		{A93B3AC0-8FB2-4ACC-A0B1-79D38E59CB55}.Debug|Any CPU.ActiveCfg = Debug|Any CPU
		{A93B3AC0-8FB2-4ACC-A0B1-79D38E59CB55}.Debug|Any CPU.Build.0 = Debug|Any CPU
		{A93B3AC0-8FB2-4ACC-A0B1-79D38E59CB55}.Debug|x64.ActiveCfg = Debug|Any CPU
		{A93B3AC0-8FB2-4ACC-A0B1-79D38E59CB55}.Debug|x64.Build.0 = Debug|Any CPU
		{A93B3AC0-8FB2-4ACC-A0B1-79D38E59CB55}.Debug|x86.ActiveCfg = Debug|Any CPU
		{A93B3AC0-8FB2-4ACC-A0B1-79D38E59CB55}.Debug|x86.Build.0 = Debug|Any CPU
		{A93B3AC0-8FB2-4ACC-A0B1-79D38E59CB55}.Release|Any CPU.ActiveCfg = Release|Any CPU
		{A93B3AC0-8FB2-4ACC-A0B1-79D38E59CB55}.Release|Any CPU.Build.0 = Release|Any CPU
		{A93B3AC0-8FB2-4ACC-A0B1-79D38E59CB55}.Release|x64.ActiveCfg = Release|Any CPU
		{A93B3AC0-8FB2-4ACC-A0B1-79D38E59CB55}.Release|x64.Build.0 = Release|Any CPU
		{A93B3AC0-8FB2-4ACC-A0B1-79D38E59CB55}.Release|x86.ActiveCfg = Release|Any CPU
		{A93B3AC0-8FB2-4ACC-A0B1-79D38E59CB55}.Release|x86.Build.0 = Release|Any CPU
		{1D6924EC-D2DA-4427-B646-BBAB40962D3B}.Debug|Any CPU.ActiveCfg = Debug|Any CPU
		{1D6924EC-D2DA-4427-B646-BBAB40962D3B}.Debug|Any CPU.Build.0 = Debug|Any CPU
		{1D6924EC-D2DA-4427-B646-BBAB40962D3B}.Debug|x64.ActiveCfg = Debug|Any CPU
		{1D6924EC-D2DA-4427-B646-BBAB40962D3B}.Debug|x64.Build.0 = Debug|Any CPU
		{1D6924EC-D2DA-4427-B646-BBAB40962D3B}.Debug|x86.ActiveCfg = Debug|Any CPU
		{1D6924EC-D2DA-4427-B646-BBAB40962D3B}.Debug|x86.Build.0 = Debug|Any CPU
		{1D6924EC-D2DA-4427-B646-BBAB40962D3B}.Release|Any CPU.ActiveCfg = Release|Any CPU
		{1D6924EC-D2DA-4427-B646-BBAB40962D3B}.Release|Any CPU.Build.0 = Release|Any CPU
		{1D6924EC-D2DA-4427-B646-BBAB40962D3B}.Release|x64.ActiveCfg = Release|Any CPU
		{1D6924EC-D2DA-4427-B646-BBAB40962D3B}.Release|x64.Build.0 = Release|Any CPU
		{1D6924EC-D2DA-4427-B646-BBAB40962D3B}.Release|x86.ActiveCfg = Release|Any CPU
		{1D6924EC-D2DA-4427-B646-BBAB40962D3B}.Release|x86.Build.0 = Release|Any CPU
		{B3484A06-57A8-4EC6-A07A-CDD441424E8C}.Debug|Any CPU.ActiveCfg = Debug|Any CPU
		{B3484A06-57A8-4EC6-A07A-CDD441424E8C}.Debug|Any CPU.Build.0 = Debug|Any CPU
		{B3484A06-57A8-4EC6-A07A-CDD441424E8C}.Debug|x64.ActiveCfg = Debug|Any CPU
		{B3484A06-57A8-4EC6-A07A-CDD441424E8C}.Debug|x64.Build.0 = Debug|Any CPU
		{B3484A06-57A8-4EC6-A07A-CDD441424E8C}.Debug|x86.ActiveCfg = Debug|Any CPU
		{B3484A06-57A8-4EC6-A07A-CDD441424E8C}.Debug|x86.Build.0 = Debug|Any CPU
		{B3484A06-57A8-4EC6-A07A-CDD441424E8C}.Release|Any CPU.ActiveCfg = Release|Any CPU
		{B3484A06-57A8-4EC6-A07A-CDD441424E8C}.Release|Any CPU.Build.0 = Release|Any CPU
		{B3484A06-57A8-4EC6-A07A-CDD441424E8C}.Release|x64.ActiveCfg = Release|Any CPU
		{B3484A06-57A8-4EC6-A07A-CDD441424E8C}.Release|x64.Build.0 = Release|Any CPU
		{B3484A06-57A8-4EC6-A07A-CDD441424E8C}.Release|x86.ActiveCfg = Release|Any CPU
		{B3484A06-57A8-4EC6-A07A-CDD441424E8C}.Release|x86.Build.0 = Release|Any CPU
	EndGlobalSection
	GlobalSection(SolutionProperties) = preSolution
		HideSolutionNode = FALSE
	EndGlobalSection
	GlobalSection(NestedProjects) = preSolution
		{F295D434-1981-4B1F-9003-FAE644A603A9} = {827E0CD3-B72D-47B6-A68D-7590B98EB39B}
		{2894D2F0-D333-4579-B0B2-DB6E99C37588} = {827E0CD3-B72D-47B6-A68D-7590B98EB39B}
		{5B1CC9DB-02D7-4F2D-A85E-38B6A0095478} = {827E0CD3-B72D-47B6-A68D-7590B98EB39B}
		{A93B3AC0-8FB2-4ACC-A0B1-79D38E59CB55} = {0AB3BF05-4346-4AA6-1389-037BE0695223}
		{1D6924EC-D2DA-4427-B646-BBAB40962D3B} = {0AB3BF05-4346-4AA6-1389-037BE0695223}
		{B3484A06-57A8-4EC6-A07A-CDD441424E8C} = {0AB3BF05-4346-4AA6-1389-037BE0695223}
	EndGlobalSection
EndGlobal
